
Microsoft Visual Studio Solution File, Format Version 12.00
# Visual Studio Version 16
VisualStudioVersion = 16.0.31702.278
MinimumVisualStudioVersion = 10.0.40219.1
Project("{FAE04EC0-301F-11D3-BF4B-00C04F79EFBC}") = "Teste Sockets", "Teste Sockets\Teste Sockets.csproj", "{9FC69CDB-3A41-4B45-8367-280A1013970E}"
EndProject
Global
	GlobalSection(SolutionConfigurationPlatforms) = preSolution
		Debug|Any CPU = Debug|Any CPU
		Release|Any CPU = Release|Any CPU
	EndGlobalSection
	GlobalSection(ProjectConfigurationPlatforms) = postSolution
		{9FC69CDB-3A41-4B45-8367-280A1013970E}.Debug|Any CPU.ActiveCfg = Debug|Any CPU
		{9FC69CDB-3A41-4B45-8367-280A1013970E}.Debug|Any CPU.Build.0 = Debug|Any CPU
		{9FC69CDB-3A41-4B45-8367-280A1013970E}.Release|Any CPU.ActiveCfg = Release|Any CPU
		{9FC69CDB-3A41-4B45-8367-280A1013970E}.Release|Any CPU.Build.0 = Release|Any CPU
	EndGlobalSection
	GlobalSection(SolutionProperties) = preSolution
		HideSolutionNode = FALSE
	EndGlobalSection
	GlobalSection(ExtensibilityGlobals) = postSolution
		SolutionGuid = {7E19F5D2-8C78-474D-8242-E922E84B6D26}
	EndGlobalSection
EndGlobal
